{
  "name": "containers-template",
  "version": "1.0.0",
  "lockfileVersion": 3,
  "requires": true,
  "packages": {
    "": {
      "name": "containers-template",
      "version": "1.0.0",
      "dependencies": {
        "@cloudflare/containers": "^0.0.28",
        "hono": "4.8.2"
      },
      "devDependencies": {
        "typescript": "^5.8.3",
        "wrangler": "^4.25.0"
      }
    },
    "node_modules/@cloudflare/containers": {
      "version": "0.0.28",
      "resolved": "https://registry.npmjs.org/@cloudflare/containers/-/containers-0.0.28.tgz",
      "integrity": "sha512-wzR9UWcGvZ9znd4elkXklilPcHX6srncsjSkx696SZRZyTygNbWsLlHegvc1C+e9gn28HRZU3dLiAzXiC9IY1w==",
      "dependencies": {}
    },
    "node_modules/hono": {
      "version": "4.8.2",
      "resolved": "https://registry.npmjs.org/hono/-/hono-4.8.2.tgz",
      "integrity": "sha512-...examplehash...",
      "dependencies": {}
    },
    "node_modules/typescript": {
      "version": "5.8.3",
      "resolved": "https://registry.npmjs.org/typescript/-/typescript-5.8.3.tgz",
      "integrity": "sha512-...examplehash...",
      "dev": true
    },
    "node_modules/wrangler": {
      "version": "4.25.0",
      "resolved": "https://registry.npmjs.org/wrangler/-/wrangler-4.25.0.tgz",
      "integrity": "sha512-...examplehash...",
      "dev": true
    }
  }
}
